
Microsoft Visual Studio Solution File, Format Version 12.00
# Visual Studio Version 17
VisualStudioVersion = 17.4.33213.308
MinimumVisualStudioVersion = 10.0.40219.1
Project("{FAE04EC0-301F-11D3-BF4B-00C04F79EFBC}") = "PartialZ.Api", "PartialZ.Api\PartialZ.Api.csproj", "{8A611137-B6CE-44ED-B8DF-3A7F4056D3C5}"
EndProject
Project("{FAE04EC0-301F-11D3-BF4B-00C04F79EFBC}") = "PartialZ.DataAccess", "PartialZ.DataAccess\PartialZ.DataAccess.csproj", "{5CB1ED5E-0E97-4A98-AF82-913BC4E4B6BE}"
EndProject
Global
	GlobalSection(SolutionConfigurationPlatforms) = preSolution
		Debug|Any CPU = Debug|Any CPU
		Release|Any CPU = Release|Any CPU
	EndGlobalSection
	GlobalSection(ProjectConfigurationPlatforms) = postSolution
		{8A611137-B6CE-44ED-B8DF-3A7F4056D3C5}.Debug|Any CPU.ActiveCfg = Debug|Any CPU
		{8A611137-B6CE-44ED-B8DF-3A7F4056D3C5}.Debug|Any CPU.Build.0 = Debug|Any CPU
		{8A611137-B6CE-44ED-B8DF-3A7F4056D3C5}.Release|Any CPU.ActiveCfg = Release|Any CPU
		{8A611137-B6CE-44ED-B8DF-3A7F4056D3C5}.Release|Any CPU.Build.0 = Release|Any CPU
		{5CB1ED5E-0E97-4A98-AF82-913BC4E4B6BE}.Debug|Any CPU.ActiveCfg = Debug|Any CPU
		{5CB1ED5E-0E97-4A98-AF82-913BC4E4B6BE}.Debug|Any CPU.Build.0 = Debug|Any CPU
		{5CB1ED5E-0E97-4A98-AF82-913BC4E4B6BE}.Release|Any CPU.ActiveCfg = Release|Any CPU
		{5CB1ED5E-0E97-4A98-AF82-913BC4E4B6BE}.Release|Any CPU.Build.0 = Release|Any CPU
	EndGlobalSection
	GlobalSection(SolutionProperties) = preSolution
		HideSolutionNode = FALSE
	EndGlobalSection
	GlobalSection(ExtensibilityGlobals) = postSolution
		SolutionGuid = {B911946B-C863-4D0F-BFF8-30F0F3B8B877}
	EndGlobalSection
EndGlobal
